
Microsoft Visual Studio Solution File, Format Version 12.00
# Visual Studio Version 16
VisualStudioVersion = 16.0.29911.84
MinimumVisualStudioVersion = 10.0.40219.1
Project("{FAE04EC0-301F-11D3-BF4B-00C04F79EFBC}") = "ATMS_GT", "ATMS_GT\ATMS_GT.csproj", "{2FABC9A5-1141-43F8-916B-D07A1AD503A1}"
EndProject
Project("{9A19103F-16F7-4668-BE54-9A1E7A4F7556}") = "ATMS_GT_Console", "ATMS_GT_Console\ATMS_GT_Console.csproj", "{49D16063-FACC-41FF-ABCD-7024CCF3F45A}"
EndProject
Project("{FAE04EC0-301F-11D3-BF4B-00C04F79EFBC}") = "_DAL", "_DAL\_DAL.csproj", "{6B7EA15A-3EC3-4E6C-85F0-DD65B16C6C97}"
EndProject
Project("{FAE04EC0-301F-11D3-BF4B-00C04F79EFBC}") = "_BLL", "_BLL\_BLL.csproj", "{55FD4729-8BB3-4494-8CD7-D3FB3B8F1BE3}"
EndProject
Project("{FAE04EC0-301F-11D3-BF4B-00C04F79EFBC}") = "_DTO", "_DTO\_DTO.csproj", "{1EB386D0-0116-417F-BDB7-C704ADFD114E}"
EndProject
Global
	GlobalSection(SolutionConfigurationPlatforms) = preSolution
		Debug|Any CPU = Debug|Any CPU
		Release|Any CPU = Release|Any CPU
	EndGlobalSection
	GlobalSection(ProjectConfigurationPlatforms) = postSolution
		{2FABC9A5-1141-43F8-916B-D07A1AD503A1}.Debug|Any CPU.ActiveCfg = Debug|Any CPU
		{2FABC9A5-1141-43F8-916B-D07A1AD503A1}.Debug|Any CPU.Build.0 = Debug|Any CPU
		{2FABC9A5-1141-43F8-916B-D07A1AD503A1}.Release|Any CPU.ActiveCfg = Release|Any CPU
		{2FABC9A5-1141-43F8-916B-D07A1AD503A1}.Release|Any CPU.Build.0 = Release|Any CPU
		{49D16063-FACC-41FF-ABCD-7024CCF3F45A}.Debug|Any CPU.ActiveCfg = Debug|Any CPU
		{49D16063-FACC-41FF-ABCD-7024CCF3F45A}.Debug|Any CPU.Build.0 = Debug|Any CPU
		{49D16063-FACC-41FF-ABCD-7024CCF3F45A}.Release|Any CPU.ActiveCfg = Release|Any CPU
		{49D16063-FACC-41FF-ABCD-7024CCF3F45A}.Release|Any CPU.Build.0 = Release|Any CPU
		{6B7EA15A-3EC3-4E6C-85F0-DD65B16C6C97}.Debug|Any CPU.ActiveCfg = Debug|Any CPU
		{6B7EA15A-3EC3-4E6C-85F0-DD65B16C6C97}.Debug|Any CPU.Build.0 = Debug|Any CPU
		{6B7EA15A-3EC3-4E6C-85F0-DD65B16C6C97}.Release|Any CPU.ActiveCfg = Release|Any CPU
		{6B7EA15A-3EC3-4E6C-85F0-DD65B16C6C97}.Release|Any CPU.Build.0 = Release|Any CPU
		{55FD4729-8BB3-4494-8CD7-D3FB3B8F1BE3}.Debug|Any CPU.ActiveCfg = Debug|Any CPU
		{55FD4729-8BB3-4494-8CD7-D3FB3B8F1BE3}.Debug|Any CPU.Build.0 = Debug|Any CPU
		{55FD4729-8BB3-4494-8CD7-D3FB3B8F1BE3}.Release|Any CPU.ActiveCfg = Release|Any CPU
		{55FD4729-8BB3-4494-8CD7-D3FB3B8F1BE3}.Release|Any CPU.Build.0 = Release|Any CPU
		{1EB386D0-0116-417F-BDB7-C704ADFD114E}.Debug|Any CPU.ActiveCfg = Debug|Any CPU
		{1EB386D0-0116-417F-BDB7-C704ADFD114E}.Debug|Any CPU.Build.0 = Debug|Any CPU
		{1EB386D0-0116-417F-BDB7-C704ADFD114E}.Release|Any CPU.ActiveCfg = Release|Any CPU
		{1EB386D0-0116-417F-BDB7-C704ADFD114E}.Release|Any CPU.Build.0 = Release|Any CPU
	EndGlobalSection
	GlobalSection(SolutionProperties) = preSolution
		HideSolutionNode = FALSE
	EndGlobalSection
	GlobalSection(ExtensibilityGlobals) = postSolution
		SolutionGuid = {6C6A1A6D-B778-4DFA-A4AA-BC5DC3D98434}
	EndGlobalSection
EndGlobal
